
Microsoft Visual Studio Solution File, Format Version 12.00
# Visual Studio Version 16
VisualStudioVersion = 16.0.29215.179
MinimumVisualStudioVersion = 10.0.40219.1
Project("{FAE04EC0-301F-11D3-BF4B-00C04F79EFBC}") = "NewDemo", "NewDemo.csproj", "{4759D2F3-0E7D-40AC-996C-AD58CE80DE27}"
EndProject
Global
	GlobalSection(SolutionConfigurationPlatforms) = preSolution
		Debug|Any CPU = Debug|Any CPU
		Release|Any CPU = Release|Any CPU
	EndGlobalSection
	GlobalSection(ProjectConfigurationPlatforms) = postSolution
		{4759D2F3-0E7D-40AC-996C-AD58CE80DE27}.Debug|Any CPU.ActiveCfg = Debug|Any CPU
		{4759D2F3-0E7D-40AC-996C-AD58CE80DE27}.Debug|Any CPU.Build.0 = Debug|Any CPU
		{4759D2F3-0E7D-40AC-996C-AD58CE80DE27}.Release|Any CPU.ActiveCfg = Release|Any CPU
		{4759D2F3-0E7D-40AC-996C-AD58CE80DE27}.Release|Any CPU.Build.0 = Release|Any CPU
	EndGlobalSection
	GlobalSection(SolutionProperties) = preSolution
		HideSolutionNode = FALSE
	EndGlobalSection
	GlobalSection(ExtensibilityGlobals) = postSolution
		SolutionGuid = {6C8DC603-092C-4EA2-B528-16FBDB1FBF5E}
	EndGlobalSection
EndGlobal
